
Microsoft Visual Studio Solution File, Format Version 12.00
# Visual Studio 15
VisualStudioVersion = 15.0.26124.0
MinimumVisualStudioVersion = 15.0.26124.0
Project("{FAE04EC0-301F-11D3-BF4B-00C04F79EFBC}") = "Repositories", "Repositories\Repositories.csproj", "{E9F8BAD4-A2E9-4547-8278-BBF9915DD559}"
EndProject
Project("{FAE04EC0-301F-11D3-BF4B-00C04F79EFBC}") = "AddressBookApi", "AddressBookApi\AddressBookApi.csproj", "{C764365E-588C-4C2D-ABB7-75EE5823A33A}"
EndProject
Project("{FAE04EC0-301F-11D3-BF4B-00C04F79EFBC}") = "Services", "Services\Services.csproj", "{69332666-DF1E-4CD3-8121-3B310561F804}"
EndProject
Project("{FAE04EC0-301F-11D3-BF4B-00C04F79EFBC}") = "Entities", "Entities\Entities.csproj", "{4FEB5991-F9A9-4357-B2ED-9F1829EA1A77}"
EndProject
Project("{FAE04EC0-301F-11D3-BF4B-00C04F79EFBC}") = "Contracts", "Contracts\Contracts.csproj", "{A03E632B-F06B-4358-AF84-27D2AB4D33C5}"
EndProject
Project("{FAE04EC0-301F-11D3-BF4B-00C04F79EFBC}") = "AddressBookTesting", "AddressBooKTesting\AddressBookTesting.csproj", "{D9E38DFC-CA77-4305-A75A-5768F36C54CC}"
EndProject
Project("{FAE04EC0-301F-11D3-BF4B-00C04F79EFBC}") = "CustomExceptionHandling", "CustomExceptionHandling\CustomExceptionHandling.csproj", "{C49372ED-B110-4845-9B17-102BC1F70592}"
EndProject
Global
	GlobalSection(SolutionConfigurationPlatforms) = preSolution
		Debug|Any CPU = Debug|Any CPU
		Debug|x64 = Debug|x64
		Debug|x86 = Debug|x86
		Release|Any CPU = Release|Any CPU
		Release|x64 = Release|x64
		Release|x86 = Release|x86
	EndGlobalSection
	GlobalSection(SolutionProperties) = preSolution
		HideSolutionNode = FALSE
	EndGlobalSection
	GlobalSection(ProjectConfigurationPlatforms) = postSolution
		{E9F8BAD4-A2E9-4547-8278-BBF9915DD559}.Debug|Any CPU.ActiveCfg = Debug|Any CPU
		{E9F8BAD4-A2E9-4547-8278-BBF9915DD559}.Debug|Any CPU.Build.0 = Debug|Any CPU
		{E9F8BAD4-A2E9-4547-8278-BBF9915DD559}.Debug|x64.ActiveCfg = Debug|Any CPU
		{E9F8BAD4-A2E9-4547-8278-BBF9915DD559}.Debug|x64.Build.0 = Debug|Any CPU
		{E9F8BAD4-A2E9-4547-8278-BBF9915DD559}.Debug|x86.ActiveCfg = Debug|Any CPU
		{E9F8BAD4-A2E9-4547-8278-BBF9915DD559}.Debug|x86.Build.0 = Debug|Any CPU
		{E9F8BAD4-A2E9-4547-8278-BBF9915DD559}.Release|Any CPU.ActiveCfg = Release|Any CPU
		{E9F8BAD4-A2E9-4547-8278-BBF9915DD559}.Release|Any CPU.Build.0 = Release|Any CPU
		{E9F8BAD4-A2E9-4547-8278-BBF9915DD559}.Release|x64.ActiveCfg = Release|Any CPU
		{E9F8BAD4-A2E9-4547-8278-BBF9915DD559}.Release|x64.Build.0 = Release|Any CPU
		{E9F8BAD4-A2E9-4547-8278-BBF9915DD559}.Release|x86.ActiveCfg = Release|Any CPU
		{E9F8BAD4-A2E9-4547-8278-BBF9915DD559}.Release|x86.Build.0 = Release|Any CPU
		{C764365E-588C-4C2D-ABB7-75EE5823A33A}.Debug|Any CPU.ActiveCfg = Debug|Any CPU
		{C764365E-588C-4C2D-ABB7-75EE5823A33A}.Debug|Any CPU.Build.0 = Debug|Any CPU
		{C764365E-588C-4C2D-ABB7-75EE5823A33A}.Debug|x64.ActiveCfg = Debug|Any CPU
		{C764365E-588C-4C2D-ABB7-75EE5823A33A}.Debug|x64.Build.0 = Debug|Any CPU
		{C764365E-588C-4C2D-ABB7-75EE5823A33A}.Debug|x86.ActiveCfg = Debug|Any CPU
		{C764365E-588C-4C2D-ABB7-75EE5823A33A}.Debug|x86.Build.0 = Debug|Any CPU
		{C764365E-588C-4C2D-ABB7-75EE5823A33A}.Release|Any CPU.ActiveCfg = Release|Any CPU
		{C764365E-588C-4C2D-ABB7-75EE5823A33A}.Release|Any CPU.Build.0 = Release|Any CPU
		{C764365E-588C-4C2D-ABB7-75EE5823A33A}.Release|x64.ActiveCfg = Release|Any CPU
		{C764365E-588C-4C2D-ABB7-75EE5823A33A}.Release|x64.Build.0 = Release|Any CPU
		{C764365E-588C-4C2D-ABB7-75EE5823A33A}.Release|x86.ActiveCfg = Release|Any CPU
		{C764365E-588C-4C2D-ABB7-75EE5823A33A}.Release|x86.Build.0 = Release|Any CPU
		{69332666-DF1E-4CD3-8121-3B310561F804}.Debug|Any CPU.ActiveCfg = Debug|Any CPU
		{69332666-DF1E-4CD3-8121-3B310561F804}.Debug|Any CPU.Build.0 = Debug|Any CPU
		{69332666-DF1E-4CD3-8121-3B310561F804}.Debug|x64.ActiveCfg = Debug|Any CPU
		{69332666-DF1E-4CD3-8121-3B310561F804}.Debug|x64.Build.0 = Debug|Any CPU
		{69332666-DF1E-4CD3-8121-3B310561F804}.Debug|x86.ActiveCfg = Debug|Any CPU
		{69332666-DF1E-4CD3-8121-3B310561F804}.Debug|x86.Build.0 = Debug|Any CPU
		{69332666-DF1E-4CD3-8121-3B310561F804}.Release|Any CPU.ActiveCfg = Release|Any CPU
		{69332666-DF1E-4CD3-8121-3B310561F804}.Release|Any CPU.Build.0 = Release|Any CPU
		{69332666-DF1E-4CD3-8121-3B310561F804}.Release|x64.ActiveCfg = Release|Any CPU
		{69332666-DF1E-4CD3-8121-3B310561F804}.Release|x64.Build.0 = Release|Any CPU
		{69332666-DF1E-4CD3-8121-3B310561F804}.Release|x86.ActiveCfg = Release|Any CPU
		{69332666-DF1E-4CD3-8121-3B310561F804}.Release|x86.Build.0 = Release|Any CPU
		{4FEB5991-F9A9-4357-B2ED-9F1829EA1A77}.Debug|Any CPU.ActiveCfg = Debug|Any CPU
		{4FEB5991-F9A9-4357-B2ED-9F1829EA1A77}.Debug|Any CPU.Build.0 = Debug|Any CPU
		{4FEB5991-F9A9-4357-B2ED-9F1829EA1A77}.Debug|x64.ActiveCfg = Debug|Any CPU
		{4FEB5991-F9A9-4357-B2ED-9F1829EA1A77}.Debug|x64.Build.0 = Debug|Any CPU
		{4FEB5991-F9A9-4357-B2ED-9F1829EA1A77}.Debug|x86.ActiveCfg = Debug|Any CPU
		{4FEB5991-F9A9-4357-B2ED-9F1829EA1A77}.Debug|x86.Build.0 = Debug|Any CPU
		{4FEB5991-F9A9-4357-B2ED-9F1829EA1A77}.Release|Any CPU.ActiveCfg = Release|Any CPU
		{4FEB5991-F9A9-4357-B2ED-9F1829EA1A77}.Release|Any CPU.Build.0 = Release|Any CPU
		{4FEB5991-F9A9-4357-B2ED-9F1829EA1A77}.Release|x64.ActiveCfg = Release|Any CPU
		{4FEB5991-F9A9-4357-B2ED-9F1829EA1A77}.Release|x64.Build.0 = Release|Any CPU
		{4FEB5991-F9A9-4357-B2ED-9F1829EA1A77}.Release|x86.ActiveCfg = Release|Any CPU
		{4FEB5991-F9A9-4357-B2ED-9F1829EA1A77}.Release|x86.Build.0 = Release|Any CPU
		{A03E632B-F06B-4358-AF84-27D2AB4D33C5}.Debug|Any CPU.ActiveCfg = Debug|Any CPU
		{A03E632B-F06B-4358-AF84-27D2AB4D33C5}.Debug|Any CPU.Build.0 = Debug|Any CPU
		{A03E632B-F06B-4358-AF84-27D2AB4D33C5}.Debug|x64.ActiveCfg = Debug|Any CPU
		{A03E632B-F06B-4358-AF84-27D2AB4D33C5}.Debug|x64.Build.0 = Debug|Any CPU
		{A03E632B-F06B-4358-AF84-27D2AB4D33C5}.Debug|x86.ActiveCfg = Debug|Any CPU
		{A03E632B-F06B-4358-AF84-27D2AB4D33C5}.Debug|x86.Build.0 = Debug|Any CPU
		{A03E632B-F06B-4358-AF84-27D2AB4D33C5}.Release|Any CPU.ActiveCfg = Release|Any CPU
		{A03E632B-F06B-4358-AF84-27D2AB4D33C5}.Release|Any CPU.Build.0 = Release|Any CPU
		{A03E632B-F06B-4358-AF84-27D2AB4D33C5}.Release|x64.ActiveCfg = Release|Any CPU
		{A03E632B-F06B-4358-AF84-27D2AB4D33C5}.Release|x64.Build.0 = Release|Any CPU
		{A03E632B-F06B-4358-AF84-27D2AB4D33C5}.Release|x86.ActiveCfg = Release|Any CPU
		{A03E632B-F06B-4358-AF84-27D2AB4D33C5}.Release|x86.Build.0 = Release|Any CPU
		{E117792D-30F1-46D1-840D-281FDBB09057}.Debug|Any CPU.ActiveCfg = Debug|Any CPU
		{E117792D-30F1-46D1-840D-281FDBB09057}.Debug|Any CPU.Build.0 = Debug|Any CPU
		{E117792D-30F1-46D1-840D-281FDBB09057}.Debug|x64.ActiveCfg = Debug|Any CPU
		{E117792D-30F1-46D1-840D-281FDBB09057}.Debug|x64.Build.0 = Debug|Any CPU
		{E117792D-30F1-46D1-840D-281FDBB09057}.Debug|x86.ActiveCfg = Debug|Any CPU
		{E117792D-30F1-46D1-840D-281FDBB09057}.Debug|x86.Build.0 = Debug|Any CPU
		{E117792D-30F1-46D1-840D-281FDBB09057}.Release|Any CPU.ActiveCfg = Release|Any CPU
		{E117792D-30F1-46D1-840D-281FDBB09057}.Release|Any CPU.Build.0 = Release|Any CPU
		{E117792D-30F1-46D1-840D-281FDBB09057}.Release|x64.ActiveCfg = Release|Any CPU
		{E117792D-30F1-46D1-840D-281FDBB09057}.Release|x64.Build.0 = Release|Any CPU
		{E117792D-30F1-46D1-840D-281FDBB09057}.Release|x86.ActiveCfg = Release|Any CPU
		{E117792D-30F1-46D1-840D-281FDBB09057}.Release|x86.Build.0 = Release|Any CPU
		{D9E38DFC-CA77-4305-A75A-5768F36C54CC}.Debug|Any CPU.ActiveCfg = Debug|Any CPU
		{D9E38DFC-CA77-4305-A75A-5768F36C54CC}.Debug|Any CPU.Build.0 = Debug|Any CPU
		{D9E38DFC-CA77-4305-A75A-5768F36C54CC}.Debug|x64.ActiveCfg = Debug|Any CPU
		{D9E38DFC-CA77-4305-A75A-5768F36C54CC}.Debug|x64.Build.0 = Debug|Any CPU
		{D9E38DFC-CA77-4305-A75A-5768F36C54CC}.Debug|x86.ActiveCfg = Debug|Any CPU
		{D9E38DFC-CA77-4305-A75A-5768F36C54CC}.Debug|x86.Build.0 = Debug|Any CPU
		{D9E38DFC-CA77-4305-A75A-5768F36C54CC}.Release|Any CPU.ActiveCfg = Release|Any CPU
		{D9E38DFC-CA77-4305-A75A-5768F36C54CC}.Release|Any CPU.Build.0 = Release|Any CPU
		{D9E38DFC-CA77-4305-A75A-5768F36C54CC}.Release|x64.ActiveCfg = Release|Any CPU
		{D9E38DFC-CA77-4305-A75A-5768F36C54CC}.Release|x64.Build.0 = Release|Any CPU
		{D9E38DFC-CA77-4305-A75A-5768F36C54CC}.Release|x86.ActiveCfg = Release|Any CPU
		{D9E38DFC-CA77-4305-A75A-5768F36C54CC}.Release|x86.Build.0 = Release|Any CPU
		{C49372ED-B110-4845-9B17-102BC1F70592}.Debug|Any CPU.ActiveCfg = Debug|Any CPU
		{C49372ED-B110-4845-9B17-102BC1F70592}.Debug|Any CPU.Build.0 = Debug|Any CPU
		{C49372ED-B110-4845-9B17-102BC1F70592}.Debug|x64.ActiveCfg = Debug|Any CPU
		{C49372ED-B110-4845-9B17-102BC1F70592}.Debug|x64.Build.0 = Debug|Any CPU
		{C49372ED-B110-4845-9B17-102BC1F70592}.Debug|x86.ActiveCfg = Debug|Any CPU
		{C49372ED-B110-4845-9B17-102BC1F70592}.Debug|x86.Build.0 = Debug|Any CPU
		{C49372ED-B110-4845-9B17-102BC1F70592}.Release|Any CPU.ActiveCfg = Release|Any CPU
		{C49372ED-B110-4845-9B17-102BC1F70592}.Release|Any CPU.Build.0 = Release|Any CPU
		{C49372ED-B110-4845-9B17-102BC1F70592}.Release|x64.ActiveCfg = Release|Any CPU
		{C49372ED-B110-4845-9B17-102BC1F70592}.Release|x64.Build.0 = Release|Any CPU
		{C49372ED-B110-4845-9B17-102BC1F70592}.Release|x86.ActiveCfg = Release|Any CPU
		{C49372ED-B110-4845-9B17-102BC1F70592}.Release|x86.Build.0 = Release|Any CPU
		{C9E452FC-3F95-4FD1-836D-FB2005C91F47}.Debug|Any CPU.ActiveCfg = Debug|Any CPU
		{C9E452FC-3F95-4FD1-836D-FB2005C91F47}.Debug|Any CPU.Build.0 = Debug|Any CPU
		{C9E452FC-3F95-4FD1-836D-FB2005C91F47}.Debug|x64.ActiveCfg = Debug|Any CPU
		{C9E452FC-3F95-4FD1-836D-FB2005C91F47}.Debug|x64.Build.0 = Debug|Any CPU
		{C9E452FC-3F95-4FD1-836D-FB2005C91F47}.Debug|x86.ActiveCfg = Debug|Any CPU
		{C9E452FC-3F95-4FD1-836D-FB2005C91F47}.Debug|x86.Build.0 = Debug|Any CPU
		{C9E452FC-3F95-4FD1-836D-FB2005C91F47}.Release|Any CPU.ActiveCfg = Release|Any CPU
		{C9E452FC-3F95-4FD1-836D-FB2005C91F47}.Release|Any CPU.Build.0 = Release|Any CPU
		{C9E452FC-3F95-4FD1-836D-FB2005C91F47}.Release|x64.ActiveCfg = Release|Any CPU
		{C9E452FC-3F95-4FD1-836D-FB2005C91F47}.Release|x64.Build.0 = Release|Any CPU
		{C9E452FC-3F95-4FD1-836D-FB2005C91F47}.Release|x86.ActiveCfg = Release|Any CPU
		{C9E452FC-3F95-4FD1-836D-FB2005C91F47}.Release|x86.Build.0 = Release|Any CPU
		{787491D7-C45A-4AAB-9A3D-FB30DBE96388}.Debug|Any CPU.ActiveCfg = Debug|Any CPU
		{787491D7-C45A-4AAB-9A3D-FB30DBE96388}.Debug|Any CPU.Build.0 = Debug|Any CPU
		{787491D7-C45A-4AAB-9A3D-FB30DBE96388}.Debug|x64.ActiveCfg = Debug|Any CPU
		{787491D7-C45A-4AAB-9A3D-FB30DBE96388}.Debug|x64.Build.0 = Debug|Any CPU
		{787491D7-C45A-4AAB-9A3D-FB30DBE96388}.Debug|x86.ActiveCfg = Debug|Any CPU
		{787491D7-C45A-4AAB-9A3D-FB30DBE96388}.Debug|x86.Build.0 = Debug|Any CPU
		{787491D7-C45A-4AAB-9A3D-FB30DBE96388}.Release|Any CPU.ActiveCfg = Release|Any CPU
		{787491D7-C45A-4AAB-9A3D-FB30DBE96388}.Release|Any CPU.Build.0 = Release|Any CPU
		{787491D7-C45A-4AAB-9A3D-FB30DBE96388}.Release|x64.ActiveCfg = Release|Any CPU
		{787491D7-C45A-4AAB-9A3D-FB30DBE96388}.Release|x64.Build.0 = Release|Any CPU
		{787491D7-C45A-4AAB-9A3D-FB30DBE96388}.Release|x86.ActiveCfg = Release|Any CPU
		{787491D7-C45A-4AAB-9A3D-FB30DBE96388}.Release|x86.Build.0 = Release|Any CPU
		{30D2F6E6-D018-474D-85AD-6268E747C71E}.Debug|Any CPU.ActiveCfg = Debug|Any CPU
		{30D2F6E6-D018-474D-85AD-6268E747C71E}.Debug|Any CPU.Build.0 = Debug|Any CPU
		{30D2F6E6-D018-474D-85AD-6268E747C71E}.Debug|x64.ActiveCfg = Debug|Any CPU
		{30D2F6E6-D018-474D-85AD-6268E747C71E}.Debug|x64.Build.0 = Debug|Any CPU
		{30D2F6E6-D018-474D-85AD-6268E747C71E}.Debug|x86.ActiveCfg = Debug|Any CPU
		{30D2F6E6-D018-474D-85AD-6268E747C71E}.Debug|x86.Build.0 = Debug|Any CPU
		{30D2F6E6-D018-474D-85AD-6268E747C71E}.Release|Any CPU.ActiveCfg = Release|Any CPU
		{30D2F6E6-D018-474D-85AD-6268E747C71E}.Release|Any CPU.Build.0 = Release|Any CPU
		{30D2F6E6-D018-474D-85AD-6268E747C71E}.Release|x64.ActiveCfg = Release|Any CPU
		{30D2F6E6-D018-474D-85AD-6268E747C71E}.Release|x64.Build.0 = Release|Any CPU
		{30D2F6E6-D018-474D-85AD-6268E747C71E}.Release|x86.ActiveCfg = Release|Any CPU
		{30D2F6E6-D018-474D-85AD-6268E747C71E}.Release|x86.Build.0 = Release|Any CPU
	EndGlobalSection
EndGlobal
